
Microsoft Visual Studio Solution File, Format Version 12.00
# Visual Studio Version 17
VisualStudioVersion = 17.11.35327.3
MinimumVisualStudioVersion = 10.0.40219.1
Project("{FAE04EC0-301F-11D3-BF4B-00C04F79EFBC}") = "HaziFeladat c#2024.10.22", "HaziFeladat c#2024.10.22\HaziFeladat c#2024.10.22.csproj", "{C356AB71-D047-4364-9BED-C424062F89F9}"
EndProject
Global
	GlobalSection(SolutionConfigurationPlatforms) = preSolution
		Debug|Any CPU = Debug|Any CPU
		Release|Any CPU = Release|Any CPU
	EndGlobalSection
	GlobalSection(ProjectConfigurationPlatforms) = postSolution
		{C356AB71-D047-4364-9BED-C424062F89F9}.Debug|Any CPU.ActiveCfg = Debug|Any CPU
		{C356AB71-D047-4364-9BED-C424062F89F9}.Debug|Any CPU.Build.0 = Debug|Any CPU
		{C356AB71-D047-4364-9BED-C424062F89F9}.Release|Any CPU.ActiveCfg = Release|Any CPU
		{C356AB71-D047-4364-9BED-C424062F89F9}.Release|Any CPU.Build.0 = Release|Any CPU
	EndGlobalSection
	GlobalSection(SolutionProperties) = preSolution
		HideSolutionNode = FALSE
	EndGlobalSection
	GlobalSection(ExtensibilityGlobals) = postSolution
		SolutionGuid = {7760AD92-B63B-4521-BD72-B179CE9C1342}
	EndGlobalSection
EndGlobal
